
Microsoft Visual Studio Solution File, Format Version 12.00
# Visual Studio Version 16
VisualStudioVersion = 16.0.28729.10
MinimumVisualStudioVersion = 10.0.40219.1
Project("{FAE04EC0-301F-11D3-BF4B-00C04F79EFBC}") = "Asistencia", "Asistencia\Asistencia.csproj", "{A92EA628-FBD4-4AC7-9243-11EAF64937BA}"
EndProject
Global
	GlobalSection(SolutionConfigurationPlatforms) = preSolution
		Debug|Any CPU = Debug|Any CPU
		Release|Any CPU = Release|Any CPU
	EndGlobalSection
	GlobalSection(ProjectConfigurationPlatforms) = postSolution
		{A92EA628-FBD4-4AC7-9243-11EAF64937BA}.Debug|Any CPU.ActiveCfg = Debug|Any CPU
		{A92EA628-FBD4-4AC7-9243-11EAF64937BA}.Debug|Any CPU.Build.0 = Debug|Any CPU
		{A92EA628-FBD4-4AC7-9243-11EAF64937BA}.Release|Any CPU.ActiveCfg = Release|Any CPU
		{A92EA628-FBD4-4AC7-9243-11EAF64937BA}.Release|Any CPU.Build.0 = Release|Any CPU
	EndGlobalSection
	GlobalSection(SolutionProperties) = preSolution
		HideSolutionNode = FALSE
	EndGlobalSection
	GlobalSection(ExtensibilityGlobals) = postSolution
		SolutionGuid = {B213EB8F-020A-49BB-98F9-4AEAF854ED5F}
	EndGlobalSection
EndGlobal
